
Microsoft Visual Studio Solution File, Format Version 12.00
# Visual Studio 15
Project("{FAE04EC0-301F-11D3-BF4B-00C04F79EFBC}") = "OneDraw", "OneDraw.csproj", "{CA41DEB2-3C0F-42D3-848B-10D45F5FBDBB}"
EndProject
Global
	GlobalSection(SolutionConfigurationPlatforms) = preSolution
		Debug|Any CPU = Debug|Any CPU
		Release|Any CPU = Release|Any CPU
	EndGlobalSection
	GlobalSection(ProjectConfigurationPlatforms) = postSolution
		{CA41DEB2-3C0F-42D3-848B-10D45F5FBDBB}.Debug|Any CPU.ActiveCfg = Debug|Any CPU
		{CA41DEB2-3C0F-42D3-848B-10D45F5FBDBB}.Debug|Any CPU.Build.0 = Debug|Any CPU
		{CA41DEB2-3C0F-42D3-848B-10D45F5FBDBB}.Release|Any CPU.ActiveCfg = Release|Any CPU
		{CA41DEB2-3C0F-42D3-848B-10D45F5FBDBB}.Release|Any CPU.Build.0 = Release|Any CPU
	EndGlobalSection
EndGlobal
